PODS:
  - GuillotineMenu (3.0.1)
  - IGListKit (2.0.0)
  - PCLBlurEffectAlert (2.1.1)

DEPENDENCIES:
  - GuillotineMenu (~> 3.0)
  - IGListKit (~> 2.0.0)
  - PCLBlurEffectAlert

SPEC CHECKSUMS:
  GuillotineMenu: d186bcb1b827d9c2b8da564bc4535a0c4413acb1
  IGListKit: ee255e4e61865bc3e01ca96b690c5435c2887849
  PCLBlurEffectAlert: 9671c027e17e9b054ed372fbecded167ea46daf9

PODFILE CHECKSUM: 4fc97cb53d13fd83a4528edd4403782463fc6914

COCOAPODS: 1.1.1
